
Microsoft Visual Studio Solution File, Format Version 12.00
# Visual Studio 14
VisualStudioVersion = 14.0.24720.0
MinimumVisualStudioVersion = 10.0.40219.1
Project("{FAE04EC0-301F-11D3-BF4B-00C04F79EFBC}") = "FMI.WeAzure.Boxing.Api.Tests", "..\tests\FMI.WeAzure.Boxing.Api.Tests\FMI.WeAzure.Boxing.Api.Tests.csproj", "{F944A59C-03E3-44CB-BE2E-BC431F7F7CF4}"
EndProject
Project("{FAE04EC0-301F-11D3-BF4B-00C04F79EFBC}") = "FMI.WeAzure.Boxing.Api", "FMI.WeAzure.Boxing.Api\FMI.WeAzure.Boxing.Api.csproj", "{EFE9C5B3-9221-4CFD-A11F-0854C2A0E8ED}"
EndProject
Project("{FAE04EC0-301F-11D3-BF4B-00C04F79EFBC}") = "FMI.WeAzure.Boxing.Contracts", "FMI.WeAzure.Boxing.Contracts\FMI.WeAzure.Boxing.Contracts.csproj", "{8619650C-B203-4739-B49F-F888D7BBF004}"
EndProject
Project("{FAE04EC0-301F-11D3-BF4B-00C04F79EFBC}") = "FMI.WeAzure.Boxing.Business", "FMI.WeAzure.Boxing.Business\FMI.WeAzure.Boxing.Business.csproj", "{D6D051E3-1C6D-4FED-BD40-323232C8128D}"
EndProject
Project("{FAE04EC0-301F-11D3-BF4B-00C04F79EFBC}") = "FMI.WeAzure.Boxing.Database", "FMI.WeAzure.Boxing.Database\FMI.WeAzure.Boxing.Database.csproj", "{F725C4C3-B6F1-48BF-9E25-4465DA051CD3}"
EndProject
Project("{FAE04EC0-301F-11D3-BF4B-00C04F79EFBC}") = "FMI.WeAzure.Boxing.Business.Tests", "..\tests\FMI.WeAzure.Boxing.Business.Tests\FMI.WeAzure.Boxing.Business.Tests.csproj", "{B25C3F80-F7FE-4E9C-8984-57CAB16964A3}"
EndProject
Project("{FAE04EC0-301F-11D3-BF4B-00C04F79EFBC}") = "FMI.WeAzure.Boxing.Common", "FMI.WeAzure.Boxing.Common\FMI.WeAzure.Boxing.Common.csproj", "{9E140030-6812-4022-AFF3-AB421A9E9882}"
EndProject
Project("{2150E333-8FDC-42A3-9474-1A3956D46DE8}") = "Documents", "Documents", "{B88F848D-599D-4E7E-9FE3-A9A2AC2C271A}"
	ProjectSection(SolutionItems) = preProject
		..\docs\Boxingpredictions_requirements.pdf = ..\docs\Boxingpredictions_requirements.pdf
	EndProjectSection
EndProject
Global
	GlobalSection(SolutionConfigurationPlatforms) = preSolution
		Debug|Any CPU = Debug|Any CPU
		Release|Any CPU = Release|Any CPU
	EndGlobalSection
	GlobalSection(ProjectConfigurationPlatforms) = postSolution
		{F944A59C-03E3-44CB-BE2E-BC431F7F7CF4}.Debug|Any CPU.ActiveCfg = Debug|Any CPU
		{F944A59C-03E3-44CB-BE2E-BC431F7F7CF4}.Debug|Any CPU.Build.0 = Debug|Any CPU
		{F944A59C-03E3-44CB-BE2E-BC431F7F7CF4}.Release|Any CPU.ActiveCfg = Release|Any CPU
		{F944A59C-03E3-44CB-BE2E-BC431F7F7CF4}.Release|Any CPU.Build.0 = Release|Any CPU
		{EFE9C5B3-9221-4CFD-A11F-0854C2A0E8ED}.Debug|Any CPU.ActiveCfg = Debug|Any CPU
		{EFE9C5B3-9221-4CFD-A11F-0854C2A0E8ED}.Debug|Any CPU.Build.0 = Debug|Any CPU
		{EFE9C5B3-9221-4CFD-A11F-0854C2A0E8ED}.Release|Any CPU.ActiveCfg = Release|Any CPU
		{EFE9C5B3-9221-4CFD-A11F-0854C2A0E8ED}.Release|Any CPU.Build.0 = Release|Any CPU
		{8619650C-B203-4739-B49F-F888D7BBF004}.Debug|Any CPU.ActiveCfg = Debug|Any CPU
		{8619650C-B203-4739-B49F-F888D7BBF004}.Debug|Any CPU.Build.0 = Debug|Any CPU
		{8619650C-B203-4739-B49F-F888D7BBF004}.Release|Any CPU.ActiveCfg = Release|Any CPU
		{8619650C-B203-4739-B49F-F888D7BBF004}.Release|Any CPU.Build.0 = Release|Any CPU
		{D6D051E3-1C6D-4FED-BD40-323232C8128D}.Debug|Any CPU.ActiveCfg = Debug|Any CPU
		{D6D051E3-1C6D-4FED-BD40-323232C8128D}.Debug|Any CPU.Build.0 = Debug|Any CPU
		{D6D051E3-1C6D-4FED-BD40-323232C8128D}.Release|Any CPU.ActiveCfg = Release|Any CPU
		{D6D051E3-1C6D-4FED-BD40-323232C8128D}.Release|Any CPU.Build.0 = Release|Any CPU
		{F725C4C3-B6F1-48BF-9E25-4465DA051CD3}.Debug|Any CPU.ActiveCfg = Debug|Any CPU
		{F725C4C3-B6F1-48BF-9E25-4465DA051CD3}.Debug|Any CPU.Build.0 = Debug|Any CPU
		{F725C4C3-B6F1-48BF-9E25-4465DA051CD3}.Release|Any CPU.ActiveCfg = Release|Any CPU
		{F725C4C3-B6F1-48BF-9E25-4465DA051CD3}.Release|Any CPU.Build.0 = Release|Any CPU
		{B25C3F80-F7FE-4E9C-8984-57CAB16964A3}.Debug|Any CPU.ActiveCfg = Debug|Any CPU
		{B25C3F80-F7FE-4E9C-8984-57CAB16964A3}.Debug|Any CPU.Build.0 = Debug|Any CPU
		{B25C3F80-F7FE-4E9C-8984-57CAB16964A3}.Release|Any CPU.ActiveCfg = Release|Any CPU
		{B25C3F80-F7FE-4E9C-8984-57CAB16964A3}.Release|Any CPU.Build.0 = Release|Any CPU
		{9E140030-6812-4022-AFF3-AB421A9E9882}.Debug|Any CPU.ActiveCfg = Debug|Any CPU
		{9E140030-6812-4022-AFF3-AB421A9E9882}.Debug|Any CPU.Build.0 = Debug|Any CPU
		{9E140030-6812-4022-AFF3-AB421A9E9882}.Release|Any CPU.ActiveCfg = Release|Any CPU
		{9E140030-6812-4022-AFF3-AB421A9E9882}.Release|Any CPU.Build.0 = Release|Any CPU
	EndGlobalSection
	GlobalSection(SolutionProperties) = preSolution
		HideSolutionNode = FALSE
	EndGlobalSection
EndGlobal
